# @generated - this file is auto-generated by `mise lock` https://mise.en.dev/dev-tools/mise-lock.html

[[tools.hugo-extended]]
version = "v0.160.1"
backend = "aqua:gohugoio/hugo/hugo-extended"

[tools.hugo-extended."platforms.linux-arm64"]
checksum = "sha256:be4203d99a5b91446cd89af1e788aeb3c6210cbe78fab380a26be135a3f4ec59"
url = "https://github.com/gohugoio/hugo/releases/download/v0.160.1/hugo_extended_0.160.1_linux-arm64.tar.gz"

[tools.hugo-extended."platforms.linux-arm64-musl"]
checksum = "sha256:be4203d99a5b91446cd89af1e788aeb3c6210cbe78fab380a26be135a3f4ec59"
url = "https://github.com/gohugoio/hugo/releases/download/v0.160.1/hugo_extended_0.160.1_linux-arm64.tar.gz"

[tools.hugo-extended."platforms.linux-x64"]
checksum = "sha256:133adf4932c1b626b6fe6aa28d56791555abe3ceff167e03be534e8324c9ed39"
url = "https://github.com/gohugoio/hugo/releases/download/v0.160.1/hugo_extended_0.160.1_linux-amd64.tar.gz"

[tools.hugo-extended."platforms.linux-x64-musl"]
checksum = "sha256:133adf4932c1b626b6fe6aa28d56791555abe3ceff167e03be534e8324c9ed39"
url = "https://github.com/gohugoio/hugo/releases/download/v0.160.1/hugo_extended_0.160.1_linux-amd64.tar.gz"

[tools.hugo-extended."platforms.macos-arm64"]
checksum = "sha256:11daf91390cd44df875395f8222e5bc8588fdbea64413f65389b6f985fde0463"
url = "https://github.com/gohugoio/hugo/releases/download/v0.160.1/hugo_extended_0.160.1_darwin-universal.pkg"

[tools.hugo-extended."platforms.macos-x64"]
checksum = "sha256:11daf91390cd44df875395f8222e5bc8588fdbea64413f65389b6f985fde0463"
url = "https://github.com/gohugoio/hugo/releases/download/v0.160.1/hugo_extended_0.160.1_darwin-universal.pkg"

[tools.hugo-extended."platforms.windows-x64"]
checksum = "sha256:f5e342de1c9b22dc03318c14689cbc81ac9afec0c6f2080e0cf5a3aa03edbf6d"
url = "https://github.com/gohugoio/hugo/releases/download/v0.160.1/hugo_extended_0.160.1_windows-amd64.zip"

[[tools.lychee]]
version = "0.23.0"
backend = "aqua:lycheeverse/lychee"

[tools.lychee."platforms.linux-arm64"]
checksum = "sha256:97eb93b02a7d78a752fc33e5b0983439ccaadbf3db952b68a0a4401acd92e6e0"
url = "https://github.com/lycheeverse/lychee/releases/download/lychee-v0.23.0/lychee-aarch64-unknown-linux-gnu.tar.gz"

[tools.lychee."platforms.linux-arm64-musl"]
checksum = "sha256:4eb6ff3ccd40dbb71843c41429683d3c60fe3b33b2042ffbbff9bb21cedacb39"
url = "https://github.com/lycheeverse/lychee/releases/download/lychee-v0.23.0/lychee-aarch64-unknown-linux-musl.tar.gz"

[tools.lychee."platforms.linux-x64"]
checksum = "sha256:5538440d2c69a45a0a09983271e5dee0c2fe7137d8035d25b2632e10a66a090a"
url = "https://github.com/lycheeverse/lychee/releases/download/lychee-v0.23.0/lychee-x86_64-unknown-linux-musl.tar.gz"

[tools.lychee."platforms.linux-x64-musl"]
checksum = "sha256:5538440d2c69a45a0a09983271e5dee0c2fe7137d8035d25b2632e10a66a090a"
url = "https://github.com/lycheeverse/lychee/releases/download/lychee-v0.23.0/lychee-x86_64-unknown-linux-musl.tar.gz"

[tools.lychee."platforms.macos-arm64"]
checksum = "sha256:1953bb425486e1b887757201e54e8fdf866c9cada6c270d8f6ed21ffbed4145a"
url = "https://github.com/lycheeverse/lychee/releases/download/lychee-v0.23.0/lychee-arm64-macos.tar.gz"

[tools.lychee."platforms.windows-x64"]
checksum = "sha256:0fda7ff0a60c0250939fc25361c2d4e6e7853c31c996733fdd5a1dd760bcb824"
url = "https://github.com/lycheeverse/lychee/releases/download/lychee-v0.23.0/lychee-x86_64-windows.exe"
